
Microsoft Visual Studio Solution File, Format Version 12.00
# Visual Studio Version 17
VisualStudioVersion = 17.1.32421.90
MinimumVisualStudioVersion = 10.0.40219.1
Project("{FAE04EC0-301F-11D3-BF4B-00C04F79EFBC}") = "csharp-snacks-1", "csharp-snacks-1.csproj", "{A6C895D1-D154-42C9-AC39-9F8BA388BE50}"
EndProject
Global
	GlobalSection(SolutionConfigurationPlatforms) = preSolution
		Debug|Any CPU = Debug|Any CPU
		Release|Any CPU = Release|Any CPU
	EndGlobalSection
	GlobalSection(ProjectConfigurationPlatforms) = postSolution
		{A6C895D1-D154-42C9-AC39-9F8BA388BE50}.Debug|Any CPU.ActiveCfg = Debug|Any CPU
		{A6C895D1-D154-42C9-AC39-9F8BA388BE50}.Debug|Any CPU.Build.0 = Debug|Any CPU
		{A6C895D1-D154-42C9-AC39-9F8BA388BE50}.Release|Any CPU.ActiveCfg = Release|Any CPU
		{A6C895D1-D154-42C9-AC39-9F8BA388BE50}.Release|Any CPU.Build.0 = Release|Any CPU
	EndGlobalSection
	GlobalSection(SolutionProperties) = preSolution
		HideSolutionNode = FALSE
	EndGlobalSection
	GlobalSection(ExtensibilityGlobals) = postSolution
		SolutionGuid = {17092C59-BABC-4C0C-9C57-DC552711CF01}
	EndGlobalSection
EndGlobal
